
Microsoft Visual Studio Solution File, Format Version 12.00
# Visual Studio Version 17
VisualStudioVersion = 17.9.34701.34
MinimumVisualStudioVersion = 10.0.40219.1
Project("{FAE04EC0-301F-11D3-BF4B-00C04F79EFBC}") = "ödev1", "ödev1\ödev1.csproj", "{3E7CFC61-4D86-4BCA-8D18-635935822913}"
EndProject
Global
	GlobalSection(SolutionConfigurationPlatforms) = preSolution
		Debug|Any CPU = Debug|Any CPU
		Release|Any CPU = Release|Any CPU
	EndGlobalSection
	GlobalSection(ProjectConfigurationPlatforms) = postSolution
		{3E7CFC61-4D86-4BCA-8D18-635935822913}.Debug|Any CPU.ActiveCfg = Debug|Any CPU
		{3E7CFC61-4D86-4BCA-8D18-635935822913}.Debug|Any CPU.Build.0 = Debug|Any CPU
		{3E7CFC61-4D86-4BCA-8D18-635935822913}.Release|Any CPU.ActiveCfg = Release|Any CPU
		{3E7CFC61-4D86-4BCA-8D18-635935822913}.Release|Any CPU.Build.0 = Release|Any CPU
	EndGlobalSection
	GlobalSection(SolutionProperties) = preSolution
		HideSolutionNode = FALSE
	EndGlobalSection
	GlobalSection(ExtensibilityGlobals) = postSolution
		SolutionGuid = {81DDA371-47AF-4F84-BE6C-89D0DE074D4E}
	EndGlobalSection
EndGlobal
